
Microsoft Visual Studio Solution File, Format Version 12.00
# Visual Studio 15
VisualStudioVersion = 15.0.28010.2046
MinimumVisualStudioVersion = 10.0.40219.1
Project("{FAE04EC0-301F-11D3-BF4B-00C04F79EFBC}") = "KurumsalWebProjesi", "KurumsalWebProjesi\KurumsalWebProjesi.csproj", "{F84FC52C-CAEF-4BDA-97E2-D56B92E39D7B}"
EndProject
Global
	GlobalSection(SolutionConfigurationPlatforms) = preSolution
		Debug|Any CPU = Debug|Any CPU
		Release|Any CPU = Release|Any CPU
	EndGlobalSection
	GlobalSection(ProjectConfigurationPlatforms) = postSolution
		{F84FC52C-CAEF-4BDA-97E2-D56B92E39D7B}.Debug|Any CPU.ActiveCfg = Debug|Any CPU
		{F84FC52C-CAEF-4BDA-97E2-D56B92E39D7B}.Debug|Any CPU.Build.0 = Debug|Any CPU
		{F84FC52C-CAEF-4BDA-97E2-D56B92E39D7B}.Release|Any CPU.ActiveCfg = Release|Any CPU
		{F84FC52C-CAEF-4BDA-97E2-D56B92E39D7B}.Release|Any CPU.Build.0 = Release|Any CPU
	EndGlobalSection
	GlobalSection(SolutionProperties) = preSolution
		HideSolutionNode = FALSE
	EndGlobalSection
	GlobalSection(ExtensibilityGlobals) = postSolution
		SolutionGuid = {A9F6C6B4-FEF0-44C4-9C4B-F95101915346}
	EndGlobalSection
EndGlobal
